{
  "name": "cerberus",
  "version": "1.0.0",
  "lockfileVersion": 2,
  "requires": true,
  "packages": {
    "": {
      "name": "cerberus",
      "version": "1.0.0",
      "license": "GPLv3",
      "devDependencies": {
        "lightningcss-cli": "^1.21.2"
      }
    },
    "node_modules/detect-libc": {
      "version": "1.0.3",
      "resolved": "https://registry.npmjs.org/detect-libc/-/detect-libc-1.0.3.tgz",
      "integrity": "sha512-pGjwhsmsp4kL2RTz08wcOlGN83otlqHeD/Z5T8GXZB+/YcpQ/dgo+lbU8ZsGxV0HIvqqxo9l7mqYwyYMD9bKDg==",
      "dev": true,
      "bin": {
        "detect-libc": "bin/detect-libc.js"
      },
      "engines": {
        "node": ">=0.10"
      }
    },
    "node_modules/lightningcss-cli": {
      "version": "1.23.0",
      "resolved": "https://registry.npmjs.org/lightningcss-cli/-/lightningcss-cli-1.23.0.tgz",
      "integrity": "sha512-STwsFaVtiGwBCAl3swVvs/ido0ZzhcLFWn0KEkZv1DQNtNppJrULjqap/yaxCooDI5bfjJGj70Ne1tt3AwaQ+g==",
      "dev": true,
      "hasInstallScript": true,
      "dependencies": {
        "detect-libc": "^1.0.3"
      },
      "bin": {
        "lightningcss": "lightningcss"
      },
      "engines": {
        "node": ">= 12.0.0"
      },
      "funding": {
        "type": "opencollective",
        "url": "https://opencollective.com/parcel"
      },
      "optionalDependencies": {
        "lightningcss-cli-darwin-arm64": "1.23.0",
        "lightningcss-cli-darwin-x64": "1.23.0",
        "lightningcss-cli-freebsd-x64": "1.23.0",
        "lightningcss-cli-linux-arm-gnueabihf": "1.23.0",
        "lightningcss-cli-linux-arm64-gnu": "1.23.0",
        "lightningcss-cli-linux-arm64-musl": "1.23.0",
        "lightningcss-cli-linux-x64-gnu": "1.23.0",
        "lightningcss-cli-linux-x64-musl": "1.23.0",
        "lightningcss-cli-win32-x64-msvc": "1.23.0"
      }
    },
    "node_modules/lightningcss-cli-darwin-arm64": {
      "version": "1.23.0",
      "resolved": "https://registry.npmjs.org/lightningcss-cli-darwin-arm64/-/lightningcss-cli-darwin-arm64-1.23.0.tgz",
      "integrity": "sha512-uZvy0I7lf5dt/Ti4egRuSpd3OEPA9I0+aQ/iXUB9pFl4enD6+EmGtfjfEwvOFgcECTO8SZW0tSaRgwhXtHz0qg==",
      "cpu": [
        "arm64"
      ],
      "dev": true,
      "optional": true,
      "os": [
        "darwin"
      ],
      "engines": {
        "node": ">= 12.0.0"
      },
      "funding": {
        "type": "opencollective",
        "url": "https://opencollective.com/parcel"
      }
    },
    "node_modules/lightningcss-cli-darwin-x64": {
      "version": "1.23.0",
      "resolved": "https://registry.npmjs.org/lightningcss-cli-darwin-x64/-/lightningcss-cli-darwin-x64-1.23.0.tgz",
      "integrity": "sha512-VTOPUVnL+znA1LktTK5jo+3qNhaU0hUYF2u8znJr07vG0NGy8KsZffimYUvWSKi7qid6M8CGAaY9Tw6zMqIniw==",
      "cpu": [
        "x64"
      ],
      "dev": true,
      "optional": true,
      "os": [
        "darwin"
      ],
      "engines": {
        "node": ">= 12.0.0"
      },
      "funding": {
        "type": "opencollective",
        "url": "https://opencollective.com/parcel"
      }
    },
    "node_modules/lightningcss-cli-freebsd-x64": {
      "version": "1.23.0",
      "resolved": "https://registry.npmjs.org/lightningcss-cli-freebsd-x64/-/lightningcss-cli-freebsd-x64-1.23.0.tgz",
      "integrity": "sha512-dPeiQjfatVfTJA06Hb2ou6jtk/mbYmBM4YLro8bh6FWMNRKmglwR12kog4Dj/2umNtbLcf4OVDe5+/UhSL+Atw==",
      "cpu": [
        "x64"
      ],
      "dev": true,
      "optional": true,
      "os": [
        "freebsd"
      ],
      "engines": {
        "node": ">= 12.0.0"
      },
      "funding": {
        "type": "opencollective",
        "url": "https://opencollective.com/parcel"
      }
    },
    "node_modules/lightningcss-cli-linux-arm-gnueabihf": {
      "version": "1.23.0",
      "resolved": "https://registry.npmjs.org/lightningcss-cli-linux-arm-gnueabihf/-/lightningcss-cli-linux-arm-gnueabihf-1.23.0.tgz",
      "integrity": "sha512-bq7Lbn3btKbeV/6UTS0MucHF0cpnCAVUycvmTrNTB1VF0JvekUStORAhqRlhgMYsjgklGFvQSaBPX1pozYGp8Q==",
      "cpu": [
        "arm"
      ],
      "dev": true,
      "optional": true,
      "os": [
        "linux"
      ],
      "engines": {
        "node": ">= 12.0.0"
      },
      "funding": {
        "type": "opencollective",
        "url": "https://opencollective.com/parcel"
      }
    },
    "node_modules/lightningcss-cli-linux-arm64-gnu": {
      "version": "1.23.0",
      "resolved": "https://registry.npmjs.org/lightningcss-cli-linux-arm64-gnu/-/lightningcss-cli-linux-arm64-gnu-1.23.0.tgz",
      "integrity": "sha512-CbRzSK4tH2KpqoFuFLAb0DZgRIA7RsYYYKrDAdsC/S0kq6VBR/rSeISsczfCtMRSBTjqYwnZAdQXQO0YQrfsrA==",
      "cpu": [
        "arm64"
      ],
      "dev": true,
      "optional": true,
      "os": [
        "linux"
      ],
      "engines": {
        "node": ">= 12.0.0"
      },
      "funding": {
        "type": "opencollective",
        "url": "https://opencollective.com/parcel"
      }
    },
    "node_modules/lightningcss-cli-linux-arm64-musl": {
      "version": "1.23.0",
      "resolved": "https://registry.npmjs.org/lightningcss-cli-linux-arm64-musl/-/lightningcss-cli-linux-arm64-musl-1.23.0.tgz",
      "integrity": "sha512-bkhubISbHj/G3+BuOMclC+V5k82PTYuWdGAvqrMB3HOd/yIcOxP1uX3O/KLo7qxrLw0m729RCo8Lk7Cd54Z6jg==",
      "cpu": [
        "arm64"
      ],
      "dev": true,
      "optional": true,
      "os": [
        "linux"
      ],
      "engines": {
        "node": ">= 12.0.0"
      },
      "funding": {
        "type": "opencollective",
        "url": "https://opencollective.com/parcel"
      }
    },
    "node_modules/lightningcss-cli-linux-x64-gnu": {
      "version": "1.23.0",
      "resolved": "https://registry.npmjs.org/lightningcss-cli-linux-x64-gnu/-/lightningcss-cli-linux-x64-gnu-1.23.0.tgz",
      "integrity": "sha512-uWiB/7m1pI+UcpmrikD+r8T4b1hcjNHe43/GX2zkx+BtzzUhDwwW1/bXbatGar4K6BVDtSGP8B0diOtONsm2KQ==",
      "cpu": [
        "x64"
      ],
      "dev": true,
      "optional": true,
      "os": [
        "linux"
      ],
      "engines": {
        "node": ">= 12.0.0"
      },
      "funding": {
        "type": "opencollective",
        "url": "https://opencollective.com/parcel"
      }
    },
    "node_modules/lightningcss-cli-linux-x64-musl": {
      "version": "1.23.0",
      "resolved": "https://registry.npmjs.org/lightningcss-cli-linux-x64-musl/-/lightningcss-cli-linux-x64-musl-1.23.0.tgz",
      "integrity": "sha512-2GQKReVX2BLM+2vXdp9pUt8NzPy5PKyEU3PKNuAaKAW6gEMFRUWiISir6faSlMm6lCjEoqfrvAtrenELudhQCA==",
      "cpu": [
        "x64"
      ],
      "dev": true,
      "optional": true,
      "os": [
        "linux"
      ],
      "engines": {
        "node": ">= 12.0.0"
      },
      "funding": {
        "type": "opencollective",
        "url": "https://opencollective.com/parcel"
      }
    },
    "node_modules/lightningcss-cli-win32-x64-msvc": {
      "version": "1.23.0",
      "resolved": "https://registry.npmjs.org/lightningcss-cli-win32-x64-msvc/-/lightningcss-cli-win32-x64-msvc-1.23.0.tgz",
      "integrity": "sha512-5xAaw/S1cTywwGZGBFtNSnb5YH67toEualXjlKH2RpmtaWPYvxwtXr86BCnZotAqx0KNESMjE27tIWDvYAQNKQ==",
      "cpu": [
        "x64"
      ],
      "dev": true,
      "optional": true,
      "os": [
        "win32"
      ],
      "engines": {
        "node": ">= 12.0.0"
      },
      "funding": {
        "type": "opencollective",
        "url": "https://opencollective.com/parcel"
      }
    }
  },
  "dependencies": {
    "detect-libc": {
      "version": "1.0.3",
      "resolved": "https://registry.npmjs.org/detect-libc/-/detect-libc-1.0.3.tgz",
      "integrity": "sha512-pGjwhsmsp4kL2RTz08wcOlGN83otlqHeD/Z5T8GXZB+/YcpQ/dgo+lbU8ZsGxV0HIvqqxo9l7mqYwyYMD9bKDg==",
      "dev": true
    },
    "lightningcss-cli": {
      "version": "1.23.0",
      "resolved": "https://registry.npmjs.org/lightningcss-cli/-/lightningcss-cli-1.23.0.tgz",
      "integrity": "sha512-STwsFaVtiGwBCAl3swVvs/ido0ZzhcLFWn0KEkZv1DQNtNppJrULjqap/yaxCooDI5bfjJGj70Ne1tt3AwaQ+g==",
      "dev": true,
      "requires": {
        "detect-libc": "^1.0.3",
        "lightningcss-cli-darwin-arm64": "1.23.0",
        "lightningcss-cli-darwin-x64": "1.23.0",
        "lightningcss-cli-freebsd-x64": "1.23.0",
        "lightningcss-cli-linux-arm-gnueabihf": "1.23.0",
        "lightningcss-cli-linux-arm64-gnu": "1.23.0",
        "lightningcss-cli-linux-arm64-musl": "1.23.0",
        "lightningcss-cli-linux-x64-gnu": "1.23.0",
        "lightningcss-cli-linux-x64-musl": "1.23.0",
        "lightningcss-cli-win32-x64-msvc": "1.23.0"
      }
    },
    "lightningcss-cli-darwin-arm64": {
      "version": "1.23.0",
      "resolved": "https://registry.npmjs.org/lightningcss-cli-darwin-arm64/-/lightningcss-cli-darwin-arm64-1.23.0.tgz",
      "integrity": "sha512-uZvy0I7lf5dt/Ti4egRuSpd3OEPA9I0+aQ/iXUB9pFl4enD6+EmGtfjfEwvOFgcECTO8SZW0tSaRgwhXtHz0qg==",
      "dev": true,
      "optional": true
    },
    "lightningcss-cli-darwin-x64": {
      "version": "1.23.0",
      "resolved": "https://registry.npmjs.org/lightningcss-cli-darwin-x64/-/lightningcss-cli-darwin-x64-1.23.0.tgz",
      "integrity": "sha512-VTOPUVnL+znA1LktTK5jo+3qNhaU0hUYF2u8znJr07vG0NGy8KsZffimYUvWSKi7qid6M8CGAaY9Tw6zMqIniw==",
      "dev": true,
      "optional": true
    },
    "lightningcss-cli-freebsd-x64": {
      "version": "1.23.0",
      "resolved": "https://registry.npmjs.org/lightningcss-cli-freebsd-x64/-/lightningcss-cli-freebsd-x64-1.23.0.tgz",
      "integrity": "sha512-dPeiQjfatVfTJA06Hb2ou6jtk/mbYmBM4YLro8bh6FWMNRKmglwR12kog4Dj/2umNtbLcf4OVDe5+/UhSL+Atw==",
      "dev": true,
      "optional": true
    },
    "lightningcss-cli-linux-arm-gnueabihf": {
      "version": "1.23.0",
      "resolved": "https://registry.npmjs.org/lightningcss-cli-linux-arm-gnueabihf/-/lightningcss-cli-linux-arm-gnueabihf-1.23.0.tgz",
      "integrity": "sha512-bq7Lbn3btKbeV/6UTS0MucHF0cpnCAVUycvmTrNTB1VF0JvekUStORAhqRlhgMYsjgklGFvQSaBPX1pozYGp8Q==",
      "dev": true,
      "optional": true
    },
    "lightningcss-cli-linux-arm64-gnu": {
      "version": "1.23.0",
      "resolved": "https://registry.npmjs.org/lightningcss-cli-linux-arm64-gnu/-/lightningcss-cli-linux-arm64-gnu-1.23.0.tgz",
      "integrity": "sha512-CbRzSK4tH2KpqoFuFLAb0DZgRIA7RsYYYKrDAdsC/S0kq6VBR/rSeISsczfCtMRSBTjqYwnZAdQXQO0YQrfsrA==",
      "dev": true,
      "optional": true
    },
    "lightningcss-cli-linux-arm64-musl": {
      "version": "1.23.0",
      "resolved": "https://registry.npmjs.org/lightningcss-cli-linux-arm64-musl/-/lightningcss-cli-linux-arm64-musl-1.23.0.tgz",
      "integrity": "sha512-bkhubISbHj/G3+BuOMclC+V5k82PTYuWdGAvqrMB3HOd/yIcOxP1uX3O/KLo7qxrLw0m729RCo8Lk7Cd54Z6jg==",
      "dev": true,
      "optional": true
    },
    "lightningcss-cli-linux-x64-gnu": {
      "version": "1.23.0",
      "resolved": "https://registry.npmjs.org/lightningcss-cli-linux-x64-gnu/-/lightningcss-cli-linux-x64-gnu-1.23.0.tgz",
      "integrity": "sha512-uWiB/7m1pI+UcpmrikD+r8T4b1hcjNHe43/GX2zkx+BtzzUhDwwW1/bXbatGar4K6BVDtSGP8B0diOtONsm2KQ==",
      "dev": true,
      "optional": true
    },
    "lightningcss-cli-linux-x64-musl": {
      "version": "1.23.0",
      "resolved": "https://registry.npmjs.org/lightningcss-cli-linux-x64-musl/-/lightningcss-cli-linux-x64-musl-1.23.0.tgz",
      "integrity": "sha512-2GQKReVX2BLM+2vXdp9pUt8NzPy5PKyEU3PKNuAaKAW6gEMFRUWiISir6faSlMm6lCjEoqfrvAtrenELudhQCA==",
      "dev": true,
      "optional": true
    },
    "lightningcss-cli-win32-x64-msvc": {
      "version": "1.23.0",
      "resolved": "https://registry.npmjs.org/lightningcss-cli-win32-x64-msvc/-/lightningcss-cli-win32-x64-msvc-1.23.0.tgz",
      "integrity": "sha512-5xAaw/S1cTywwGZGBFtNSnb5YH67toEualXjlKH2RpmtaWPYvxwtXr86BCnZotAqx0KNESMjE27tIWDvYAQNKQ==",
      "dev": true,
      "optional": true
    }
  }
}
